%{
  "message_pack": {:git, "https://github.com/awetzel/msgpack-elixir.git", "98e6e71a6de5d651759af673cf2130a4280dd0d8", [branch: "unpack_map_as_map"]},
  "neovim": {:git, "https://github.com/awetzel/neovim-elixir.git", "56e7613f200d8c6d5a310735e5235ffdc5102cb6", []},
  "procket": {:git, "https://github.com/msantos/procket.git", "28d18658b3e9fe41aaeab3852dd0f5e108ab4838", []},
}
